
Microsoft Visual Studio Solution File, Format Version 12.00
# Visual Studio Version 17
VisualStudioVersion = 17.14.36109.1 d17.14
MinimumVisualStudioVersion = 10.0.40219.1
Project("{FAE04EC0-301F-11D3-BF4B-00C04F79EFBC}") = "DapperShop", "DapperShop\DapperShop.csproj", "{3C29DE62-0F71-404C-8FF5-16AEAF3F1771}"
EndProject
Global
	GlobalSection(SolutionConfigurationPlatforms) = preSolution
		Debug|Any CPU = Debug|Any CPU
		Release|Any CPU = Release|Any CPU
	EndGlobalSection
	GlobalSection(ProjectConfigurationPlatforms) = postSolution
		{3C29DE62-0F71-404C-8FF5-16AEAF3F1771}.Debug|Any CPU.ActiveCfg = Debug|Any CPU
		{3C29DE62-0F71-404C-8FF5-16AEAF3F1771}.Debug|Any CPU.Build.0 = Debug|Any CPU
		{3C29DE62-0F71-404C-8FF5-16AEAF3F1771}.Release|Any CPU.ActiveCfg = Release|Any CPU
		{3C29DE62-0F71-404C-8FF5-16AEAF3F1771}.Release|Any CPU.Build.0 = Release|Any CPU
	EndGlobalSection
	GlobalSection(SolutionProperties) = preSolution
		HideSolutionNode = FALSE
	EndGlobalSection
	GlobalSection(ExtensibilityGlobals) = postSolution
		SolutionGuid = {16A2CA7A-E28E-4681-9866-581E27B79C23}
	EndGlobalSection
EndGlobal
